{
  "nodes": {
    "catppuccin": {
      "locked": {
        "lastModified": 1716337435,
        "narHash": "sha256-eZqH1vLI9eKL/N5toXxOrQO80G0y4pWZrYCp472YBVQ=",
        "owner": "catppuccin",
        "repo": "nix",
        "rev": "fea5242c0eacc5efa81be0e36206a62e889dbd82",
        "type": "github"
      },
      "original": {
        "owner": "catppuccin",
        "repo": "nix",
        "type": "github"
      }
    },
    "home-manager": {
      "inputs": {
        "nixpkgs": [
          "nixpkgs"
        ]
      },
      "locked": {
        "lastModified": 1716457508,
        "narHash": "sha256-ZxzffLuWRyuMrkVVq7wastNUqeO0HJL9xqfY1QsYaqo=",
        "owner": "nix-community",
        "repo": "home-manager",
        "rev": "850cb322046ef1a268449cf1ceda5fd24d930b05",
        "type": "github"
      },
      "original": {
        "owner": "nix-community",
        "repo": "home-manager",
        "type": "github"
      }
    },
    "nixpkgs": {
      "locked": {
        "lastModified": 1716438273,
        "narHash": "sha256-qgmg3oXm+PYWnO06g2aetPOAKvQkgC63NjNh0m9ZHNI=",
        "owner": "nixos",
        "repo": "nixpkgs",
        "rev": "3efa0a2a30e551229188707569e85495e73090f3",
        "type": "github"
      },
      "original": {
        "owner": "nixos",
        "ref": "nixos-unstable-small",
        "repo": "nixpkgs",
        "type": "github"
      }
    },
    "root": {
      "inputs": {
        "catppuccin": "catppuccin",
        "home-manager": "home-manager",
        "nixpkgs": "nixpkgs",
        "validity": "validity"
      }
    },
    "validity": {
      "locked": {
        "lastModified": 1716222270,
        "narHash": "sha256-PgctTd8/cqON1VDi88petvGaszQoWJGhf2LXyZEd220=",
        "owner": "codebam",
        "repo": "nixpkgs",
        "rev": "a9c6bfa5e4f0e01551fec1e37f111733a2628e55",
        "type": "github"
      },
      "original": {
        "owner": "codebam",
        "ref": "python3-validity",
        "repo": "nixpkgs",
        "type": "github"
      }
    }
  },
  "root": "root",
  "version": 7
}
