{
  "nodes": {
    "bcachefs-fix": {
      "inputs": {
        "flake-compat": "flake-compat",
        "nixpkgs": "nixpkgs",
        "utils": "utils"
      },
      "locked": {
        "lastModified": 1715535559,
        "narHash": "sha256-yWRdwDKd6zXXPCcua6H2qYfqU89FnhLGJZTcfAJjt8E=",
        "owner": "tmuehlbacher",
        "repo": "bcachefs-tools",
        "rev": "734ccc58f42c3cccb0960bdd84808839e2b62ca9",
        "type": "github"
      },
      "original": {
        "owner": "tmuehlbacher",
        "ref": "fix-encrypted-unlock",
        "repo": "bcachefs-tools",
        "type": "github"
      }
    },
    "catppuccin": {
      "locked": {
        "lastModified": 1714604961,
        "narHash": "sha256-24nTEDgADAzHP7dAVpCc/aqxyE4ZlTIR3uyj6eetWSM=",
        "owner": "catppuccin",
        "repo": "nix",
        "rev": "ccc188e244e8fb3248e3c8f19f70280076bf1408",
        "type": "github"
      },
      "original": {
        "owner": "catppuccin",
        "repo": "nix",
        "rev": "ccc188e244e8fb3248e3c8f19f70280076bf1408",
        "type": "github"
      }
    },
    "flake-compat": {
      "flake": false,
      "locked": {
        "lastModified": 1696426674,
        "narHash": "sha256-kvjfFW7WAETZlt09AgDn1MrtKzP7t90Vf7vypd3OL1U=",
        "owner": "edolstra",
        "repo": "flake-compat",
        "rev": "0f9255e01c2351cc7d116c072cb317785dd33b33",
        "type": "github"
      },
      "original": {
        "owner": "edolstra",
        "repo": "flake-compat",
        "type": "github"
      }
    },
    "gen-nvim-latest-pin": {
      "locked": {
        "lastModified": 1715138213,
        "narHash": "sha256-Qw22wnLFatbt5L/NFaDlfYQ9FMCTRzAoMFSM8U/ri3I=",
        "owner": "codebam",
        "repo": "nixpkgs",
        "rev": "603d79e37836c0c69e8274317189b43cd2ebb568",
        "type": "github"
      },
      "original": {
        "owner": "codebam",
        "ref": "gen-nvim",
        "repo": "nixpkgs",
        "type": "github"
      }
    },
    "home-manager": {
      "inputs": {
        "nixpkgs": [
          "nixpkgs"
        ]
      },
      "locked": {
        "lastModified": 1715486357,
        "narHash": "sha256-4pRuzsHZOW5W4CsXI9uhKtiJeQSUoe1d2M9mWU98HC4=",
        "owner": "nix-community",
        "repo": "home-manager",
        "rev": "44677a1c96810a8e8c4ffaeaad10c842402647c1",
        "type": "github"
      },
      "original": {
        "owner": "nix-community",
        "repo": "home-manager",
        "type": "github"
      }
    },
    "nixpkgs": {
      "locked": {
        "lastModified": 1698924604,
        "narHash": "sha256-GCFbkl2tj8fEZBZCw3Tc0AkGo0v+YrQlohhEGJ/X4s0=",
        "owner": "nixos",
        "repo": "nixpkgs",
        "rev": "fa804edfb7869c9fb230e174182a8a1a7e512c40",
        "type": "github"
      },
      "original": {
        "owner": "nixos",
        "ref": "nixos-unstable",
        "repo": "nixpkgs",
        "type": "github"
      }
    },
    "nixpkgs_2": {
      "locked": {
        "lastModified": 1715867414,
        "narHash": "sha256-cu4UEffKkBByyGR6CFs9XP6iSNsKTkq1r66DA5BkYnE=",
        "owner": "nixos",
        "repo": "nixpkgs",
        "rev": "bf446f08bff6814b569265bef8374cfdd3d8f0e0",
        "type": "github"
      },
      "original": {
        "owner": "nixos",
        "ref": "nixos-unstable-small",
        "repo": "nixpkgs",
        "type": "github"
      }
    },
    "root": {
      "inputs": {
        "bcachefs-fix": "bcachefs-fix",
        "catppuccin": "catppuccin",
        "gen-nvim-latest-pin": "gen-nvim-latest-pin",
        "home-manager": "home-manager",
        "nixpkgs": "nixpkgs_2"
      }
    },
    "systems": {
      "locked": {
        "lastModified": 1681028828,
        "narHash": "sha256-Vy1rq5AaRuLzOxct8nz4T6wlgyUR7zLU309k9mBC768=",
        "owner": "nix-systems",
        "repo": "default",
        "rev": "da67096a3b9bf56a91d16901293e51ba5b49a27e",
        "type": "github"
      },
      "original": {
        "owner": "nix-systems",
        "repo": "default",
        "type": "github"
      }
    },
    "utils": {
      "inputs": {
        "systems": "systems"
      },
      "locked": {
        "lastModified": 1694529238,
        "narHash": "sha256-zsNZZGTGnMOf9YpHKJqMSsa0dXbfmxeoJ7xHlrt+xmY=",
        "owner": "numtide",
        "repo": "flake-utils",
        "rev": "ff7b65b44d01cf9ba6a71320833626af21126384",
        "type": "github"
      },
      "original": {
        "owner": "numtide",
        "repo": "flake-utils",
        "type": "github"
      }
    }
  },
  "root": "root",
  "version": 7
}
